// !$*UTF8*$!
{
	archiveVersion = 1;
	classes = {
	};
	objectVersion = 55;
	objects = {

/* Begin PBXBuildFile section */
		8D0DF22B2898181400E25AFE /* astronauts.json in Resources */ = {isa = PBXBuildFile; fileRef = 8D0DF2292898181400E25AFE /* astronauts.json */; };
		8D0DF22C2898181400E25AFE /* missions.json in Resources */ = {isa = PBXBuildFile; fileRef = 8D0DF22A2898181400E25AFE /* missions.json */; };
		8D0DF22E2898188300E25AFE /* Astronaut.swift in Sources */ = {isa = PBXBuildFile; fileRef = 8D0DF22D2898188300E25AFE /* Astronaut.swift */; };
		8D0DF230289818DC00E25AFE /* Bundle-Decodable.swift in Sources */ = {isa = PBXBuildFile; fileRef = 8D0DF22F289818DC00E25AFE /* Bundle-Decodable.swift */; };
		8D0DF23228981A6C00E25AFE /* Misson.swift in Sources */ = {isa = PBXBuildFile; fileRef = 8D0DF23128981A6C00E25AFE /* Misson.swift */; };
		8D0DF2342898207200E25AFE /* Color-Theme.swift in Sources */ = {isa = PBXBuildFile; fileRef = 8D0DF2332898207100E25AFE /* Color-Theme.swift */; };
		8D1C88E8289AC8D2004D3D5E /* CrewMember.swift in Sources */ = {isa = PBXBuildFile; fileRef = 8D1C88E7289AC8D2004D3D5E /* CrewMember.swift */; };
		8D5D8F1828969FD800F88AAA /* MoonshotApp.swift in Sources */ = {isa = PBXBuildFile; fileRef = 8D5D8F1728969FD800F88AAA /* MoonshotApp.swift */; };
		8D5D8F1A28969FD800F88AAA /* ContentView.swift in Sources */ = {isa = PBXBuildFile; fileRef = 8D5D8F1928969FD800F88AAA /* ContentView.swift */; };
		8D5D8F1C28969FDC00F88AAA /* Assets.xcassets in Resources */ = {isa = PBXBuildFile; fileRef = 8D5D8F1B28969FDC00F88AAA /* Assets.xcassets */; };
		8D5D8F1F28969FDC00F88AAA /* Preview Assets.xcassets in Resources */ = {isa = PBXBuildFile; fileRef = 8D5D8F1E28969FDC00F88AAA /* Preview Assets.xcassets */; };
		8D8E8DD028990CE400666698 /* MissionView.swift in Sources */ = {isa = PBXBuildFile; fileRef = 8D8E8DCF28990CE400666698 /* MissionView.swift */; };
		8D8E8DD2289915A900666698 /* AstronautView.swift in Sources */ = {isa = PBXBuildFile; fileRef = 8D8E8DD1289915A900666698 /* AstronautView.swift */; };
/* End PBXBuildFile section */

/* Begin PBXFileReference section */
		8D0DF2292898181400E25AFE /* astronauts.json */ = {isa = PBXFileReference; fileEncoding = 4; lastKnownFileType = text.json; path = astronauts.json; sourceTree = "<group>"; };
		8D0DF22A2898181400E25AFE /* missions.json */ = {isa = PBXFileReference; fileEncoding = 4; lastKnownFileType = text.json; path = missions.json; sourceTree = "<group>"; };
		8D0DF22D2898188300E25AFE /* Astronaut.swift */ = {isa = PBXFileReference; lastKnownFileType = sourcecode.swift; path = Astronaut.swift; sourceTree = "<group>"; };
		8D0DF22F289818DC00E25AFE /* Bundle-Decodable.swift */ = {isa = PBXFileReference; lastKnownFileType = sourcecode.swift; path = "Bundle-Decodable.swift"; sourceTree = "<group>"; };
		8D0DF23128981A6C00E25AFE /* Misson.swift */ = {isa = PBXFileReference; lastKnownFileType = sourcecode.swift; path = Misson.swift; sourceTree = "<group>"; };
		8D0DF2332898207100E25AFE /* Color-Theme.swift */ = {isa = PBXFileReference; lastKnownFileType = sourcecode.swift; path = "Color-Theme.swift"; sourceTree = "<group>"; };
		8D1C88E7289AC8D2004D3D5E /* CrewMember.swift */ = {isa = PBXFileReference; lastKnownFileType = sourcecode.swift; path = CrewMember.swift; sourceTree = "<group>"; };
		8D5D8F1428969FD800F88AAA /* Moonshot.app */ = {isa = PBXFileReference; explicitFileType = wrapper.application; includeInIndex = 0; path = Moonshot.app; sourceTree = BUILT_PRODUCTS_DIR; };
		8D5D8F1728969FD800F88AAA /* MoonshotApp.swift */ = {isa = PBXFileReference; lastKnownFileType = sourcecode.swift; path = MoonshotApp.swift; sourceTree = "<group>"; };
		8D5D8F1928969FD800F88AAA /* ContentView.swift */ = {isa = PBXFileReference; lastKnownFileType = sourcecode.swift; path = ContentView.swift; sourceTree = "<group>"; };
		8D5D8F1B28969FDC00F88AAA /* Assets.xcassets */ = {isa = PBXFileReference; lastKnownFileType = folder.assetcatalog; path = Assets.xcassets; sourceTree = "<group>"; };
		8D5D8F1E28969FDC00F88AAA /* Preview Assets.xcassets */ = {isa = PBXFileReference; lastKnownFileType = folder.assetcatalog; path = "Preview Assets.xcassets"; sourceTree = "<group>"; };
		8D8E8DCF28990CE400666698 /* MissionView.swift */ = {isa = PBXFileReference; lastKnownFileType = sourcecode.swift; path = MissionView.swift; sourceTree = "<group>"; };
		8D8E8DD1289915A900666698 /* AstronautView.swift */ = {isa = PBXFileReference; lastKnownFileType = sourcecode.swift; path = AstronautView.swift; sourceTree = "<group>"; };
/* End PBXFileReference section */

/* Begin PBXFrameworksBuildPhase section */
		8D5D8F1128969FD800F88AAA /* Frameworks */ = {
			isa = PBXFrameworksBuildPhase;
			buildActionMask = 2147483647;
			files = (
			);
			runOnlyForDeploymentPostprocessing = 0;
		};
/* End PBXFrameworksBuildPhase section */

/* Begin PBXGroup section */
		8D5D8F0B28969FD800F88AAA = {
			isa = PBXGroup;
			children = (
				8D5D8F1628969FD800F88AAA /* Moonshot */,
				8D5D8F1528969FD800F88AAA /* Products */,
			);
			sourceTree = "<group>";
		};
		8D5D8F1528969FD800F88AAA /* Products */ = {
			isa = PBXGroup;
			children = (
				8D5D8F1428969FD800F88AAA /* Moonshot.app */,
			);
			name = Products;
			sourceTree = "<group>";
		};
		8D5D8F1628969FD800F88AAA /* Moonshot */ = {
			isa = PBXGroup;
			children = (
				8D5D8F1728969FD800F88AAA /* MoonshotApp.swift */,
				8D5D8F1928969FD800F88AAA /* ContentView.swift */,
				8D8E8DCF28990CE400666698 /* MissionView.swift */,
				8D1C88E7289AC8D2004D3D5E /* CrewMember.swift */,
				8D8E8DD1289915A900666698 /* AstronautView.swift */,
				8D0DF2332898207100E25AFE /* Color-Theme.swift */,
				8D0DF22D2898188300E25AFE /* Astronaut.swift */,
				8D0DF23128981A6C00E25AFE /* Misson.swift */,
				8D0DF22F289818DC00E25AFE /* Bundle-Decodable.swift */,
				8D0DF2292898181400E25AFE /* astronauts.json */,
				8D0DF22A2898181400E25AFE /* missions.json */,
				8D5D8F1B28969FDC00F88AAA /* Assets.xcassets */,
				8D5D8F1D28969FDC00F88AAA /* Preview Content */,
			);
			path = Moonshot;
			sourceTree = "<group>";
		};
		8D5D8F1D28969FDC00F88AAA /* Preview Content */ = {
			isa = PBXGroup;
			children = (
				8D5D8F1E28969FDC00F88AAA /* Preview Assets.xcassets */,
			);
			path = "Preview Content";
			sourceTree = "<group>";
		};
/* End PBXGroup section */

/* Begin PBXNativeTarget section */
		8D5D8F1328969FD800F88AAA /* Moonshot */ = {
			isa = PBXNativeTarget;
			buildConfigurationList = 8D5D8F2228969FDC00F88AAA /* Build configuration list for PBXNativeTarget "Moonshot" */;
			buildPhases = (
				8D5D8F1028969FD800F88AAA /* Sources */,
				8D5D8F1128969FD800F88AAA /* Frameworks */,
				8D5D8F1228969FD800F88AAA /* Resources */,
			);
			buildRules = (
			);
			dependencies = (
			);
			name = Moonshot;
			productName = Moonshot;
			productReference = 8D5D8F1428969FD800F88AAA /* Moonshot.app */;
			productType = "com.apple.product-type.application";
		};
/* End PBXNativeTarget section */

/* Begin PBXProject section */
		8D5D8F0C28969FD800F88AAA /* Project object */ = {
			isa = PBXProject;
			attributes = {
				BuildIndependentTargetsInParallel = 1;
				LastSwiftUpdateCheck = 1340;
				LastUpgradeCheck = 1340;
				TargetAttributes = {
					8D5D8F1328969FD800F88AAA = {
						CreatedOnToolsVersion = 13.4.1;
					};
				};
			};
			buildConfigurationList = 8D5D8F0F28969FD800F88AAA /* Build configuration list for PBXProject "Moonshot" */;
			compatibilityVersion = "Xcode 13.0";
			developmentRegion = en;
			hasScannedForEncodings = 0;
			knownRegions = (
				en,
				Base,
			);
			mainGroup = 8D5D8F0B28969FD800F88AAA;
			productRefGroup = 8D5D8F1528969FD800F88AAA /* Products */;
			projectDirPath = "";
			projectRoot = "";
			targets = (
				8D5D8F1328969FD800F88AAA /* Moonshot */,
			);
		};
/* End PBXProject section */

/* Begin PBXResourcesBuildPhase section */
		8D5D8F1228969FD800F88AAA /* Resources */ = {
			isa = PBXResourcesBuildPhase;
			buildActionMask = 2147483647;
			files = (
				8D0DF22B2898181400E25AFE /* astronauts.json in Resources */,
				8D5D8F1F28969FDC00F88AAA /* Preview Assets.xcassets in Resources */,
				8D0DF22C2898181400E25AFE /* missions.json in Resources */,
				8D5D8F1C28969FDC00F88AAA /* Assets.xcassets in Resources */,
			);
			runOnlyForDeploymentPostprocessing = 0;
		};
/* End PBXResourcesBuildPhase section */

/* Begin PBXSourcesBuildPhase section */
		8D5D8F1028969FD800F88AAA /* Sources */ = {
			isa = PBXSourcesBuildPhase;
			buildActionMask = 2147483647;
			files = (
				8D8E8DD028990CE400666698 /* MissionView.swift in Sources */,
				8D0DF23228981A6C00E25AFE /* Misson.swift in Sources */,
				8D8E8DD2289915A900666698 /* AstronautView.swift in Sources */,
				8D0DF2342898207200E25AFE /* Color-Theme.swift in Sources */,
				8D1C88E8289AC8D2004D3D5E /* CrewMember.swift in Sources */,
				8D0DF22E2898188300E25AFE /* Astronaut.swift in Sources */,
				8D5D8F1A28969FD800F88AAA /* ContentView.swift in Sources */,
				8D5D8F1828969FD800F88AAA /* MoonshotApp.swift in Sources */,
				8D0DF230289818DC00E25AFE /* Bundle-Decodable.swift in Sources */,
			);
			runOnlyForDeploymentPostprocessing = 0;
		};
/* End PBXSourcesBuildPhase section */

/* Begin XCBuildConfiguration section */
		8D5D8F2028969FDC00F88AAA /* Debug */ = {
			isa = XCBuildConfiguration;
			buildSettings = {
				ALWAYS_SEARCH_USER_PATHS = NO;
				CLANG_ANALYZER_NONNULL = YES;
				CLANG_ANALYZER_NUMBER_OBJECT_CONVERSION = YES_AGGRESSIVE;
				CLANG_CXX_LANGUAGE_STANDARD = "gnu++17";
				CLANG_ENABLE_MODULES = YES;
				CLANG_ENABLE_OBJC_ARC = YES;
				CLANG_ENABLE_OBJC_WEAK = YES;
				CLANG_WARN_BLOCK_CAPTURE_AUTORELEASING = YES;
				CLANG_WARN_BOOL_CONVERSION = YES;
				CLANG_WARN_COMMA = YES;
				CLANG_WARN_CONSTANT_CONVERSION = YES;
				CLANG_WARN_DEPRECATED_OBJC_IMPLEMENTATIONS = YES;
				CLANG_WARN_DIRECT_OBJC_ISA_USAGE = YES_ERROR;
				CLANG_WARN_DOCUMENTATION_COMMENTS = YES;
				CLANG_WARN_EMPTY_BODY = YES;
				CLANG_WARN_ENUM_CONVERSION = YES;
				CLANG_WARN_INFINITE_RECURSION = YES;
				CLANG_WARN_INT_CONVERSION = YES;
				CLANG_WARN_NON_LITERAL_NULL_CONVERSION = YES;
				CLANG_WARN_OBJC_IMPLICIT_RETAIN_SELF = YES;
				CLANG_WARN_OBJC_LITERAL_CONVERSION = YES;
				CLANG_WARN_OBJC_ROOT_CLASS = YES_ERROR;
				CLANG_WARN_QUOTED_INCLUDE_IN_FRAMEWORK_HEADER = YES;
				CLANG_WARN_RANGE_LOOP_ANALYSIS = YES;
				CLANG_WARN_STRICT_PROTOTYPES = YES;
				CLANG_WARN_SUSPICIOUS_MOVE = YES;
				CLANG_WARN_UNGUARDED_AVAILABILITY = YES_AGGRESSIVE;
				CLANG_WARN_UNREACHABLE_CODE = YES;
				CLANG_WARN__DUPLICATE_METHOD_MATCH = YES;
				COPY_PHASE_STRIP = NO;
				DEBUG_INFORMATION_FORMAT = dwarf;
				ENABLE_STRICT_OBJC_MSGSEND = YES;
				ENABLE_TESTABILITY = YES;
				GCC_C_LANGUAGE_STANDARD = gnu11;
				GCC_DYNAMIC_NO_PIC = NO;
				GCC_NO_COMMON_BLOCKS = YES;
				GCC_OPTIMIZATION_LEVEL = 0;
				GCC_PREPROCESSOR_DEFINITIONS = (
					"DEBUG=1",
					"$(inherited)",
				);
				GCC_WARN_64_TO_32_BIT_CONVERSION = YES;
				GCC_WARN_ABOUT_RETURN_TYPE = YES_ERROR;
				GCC_WARN_UNDECLARED_SELECTOR = YES;
				GCC_WARN_UNINITIALIZED_AUTOS = YES_AGGRESSIVE;
				GCC_WARN_UNUSED_FUNCTION = YES;
				GCC_WARN_UNUSED_VARIABLE = YES;
				IPHONEOS_DEPLOYMENT_TARGET = 15.5;
				MTL_ENABLE_DEBUG_INFO = INCLUDE_SOURCE;
				MTL_FAST_MATH = YES;
				ONLY_ACTIVE_ARCH = YES;
				SDKROOT = iphoneos;
				SWIFT_ACTIVE_COMPILATION_CONDITIONS = DEBUG;
				SWIFT_OPTIMIZATION_LEVEL = "-Onone";
			};
			name = Debug;
		};
		8D5D8F2128969FDC00F88AAA /* Release */ = {
			isa = XCBuildConfiguration;
			buildSettings = {
				ALWAYS_SEARCH_USER_PATHS = NO;
				CLANG_ANALYZER_NONNULL = YES;
				CLANG_ANALYZER_NUMBER_OBJECT_CONVERSION = YES_AGGRESSIVE;
				CLANG_CXX_LANGUAGE_STANDARD = "gnu++17";
				CLANG_ENABLE_MODULES = YES;
				CLANG_ENABLE_OBJC_ARC = YES;
				CLANG_ENABLE_OBJC_WEAK = YES;
				CLANG_WARN_BLOCK_CAPTURE_AUTORELEASING = YES;
				CLANG_WARN_BOOL_CONVERSION = YES;
				CLANG_WARN_COMMA = YES;
				CLANG_WARN_CONSTANT_CONVERSION = YES;
				CLANG_WARN_DEPRECATED_OBJC_IMPLEMENTATIONS = YES;
				CLANG_WARN_DIRECT_OBJC_ISA_USAGE = YES_ERROR;
				CLANG_WARN_DOCUMENTATION_COMMENTS = YES;
				CLANG_WARN_EMPTY_BODY = YES;
				CLANG_WARN_ENUM_CONVERSION = YES;
				CLANG_WARN_INFINITE_RECURSION = YES;
				CLANG_WARN_INT_CONVERSION = YES;
				CLANG_WARN_NON_LITERAL_NULL_CONVERSION = YES;
				CLANG_WARN_OBJC_IMPLICIT_RETAIN_SELF = YES;
				CLANG_WARN_OBJC_LITERAL_CONVERSION = YES;
				CLANG_WARN_OBJC_ROOT_CLASS = YES_ERROR;
				CLANG_WARN_QUOTED_INCLUDE_IN_FRAMEWORK_HEADER = YES;
				CLANG_WARN_RANGE_LOOP_ANALYSIS = YES;
				CLANG_WARN_STRICT_PROTOTYPES = YES;
				CLANG_WARN_SUSPICIOUS_MOVE = YES;
				CLANG_WARN_UNGUARDED_AVAILABILITY = YES_AGGRESSIVE;
				CLANG_WARN_UNREACHABLE_CODE = YES;
				CLANG_WARN__DUPLICATE_METHOD_MATCH = YES;
				COPY_PHASE_STRIP = NO;
				DEBUG_INFORMATION_FORMAT = "dwarf-with-dsym";
				ENABLE_NS_ASSERTIONS = NO;
				ENABLE_STRICT_OBJC_MSGSEND = YES;
				GCC_C_LANGUAGE_STANDARD = gnu11;
				GCC_NO_COMMON_BLOCKS = YES;
				GCC_WARN_64_TO_32_BIT_CONVERSION = YES;
				GCC_WARN_ABOUT_RETURN_TYPE = YES_ERROR;
				GCC_WARN_UNDECLARED_SELECTOR = YES;
				GCC_WARN_UNINITIALIZED_AUTOS = YES_AGGRESSIVE;
				GCC_WARN_UNUSED_FUNCTION = YES;
				GCC_WARN_UNUSED_VARIABLE = YES;
				IPHONEOS_DEPLOYMENT_TARGET = 15.5;
				MTL_ENABLE_DEBUG_INFO = NO;
				MTL_FAST_MATH = YES;
				SDKROOT = iphoneos;
				SWIFT_COMPILATION_MODE = wholemodule;
				SWIFT_OPTIMIZATION_LEVEL = "-O";
				VALIDATE_PRODUCT = YES;
			};
			name = Release;
		};
		8D5D8F2328969FDC00F88AAA /* Debug */ = {
			isa = XCBuildConfiguration;
			buildSettings = {
				ASSETCATALOG_COMPILER_APPICON_NAME = AppIcon;
				ASSETCATALOG_COMPILER_GLOBAL_ACCENT_COLOR_NAME = AccentColor;
				CODE_SIGN_STYLE = Automatic;
				CURRENT_PROJECT_VERSION = 1;
				DEVELOPMENT_ASSET_PATHS = "\"Moonshot/Preview Content\"";
				ENABLE_PREVIEWS = YES;
				GENERATE_INFOPLIST_FILE = YES;
				INFOPLIST_KEY_UIApplicationSceneManifest_Generation = YES;
				INFOPLIST_KEY_UIApplicationSupportsIndirectInputEvents = YES;
				INFOPLIST_KEY_UILaunchScreen_Generation = YES;
				INFOPLIST_KEY_UISupportedInterfaceOrientations_iPad = "UIInterfaceOrientationPortrait UIInterfaceOrientationPortraitUpsideDown UIInterfaceOrientationLandscapeLeft UIInterfaceOrientationLandscapeRight";
				INFOPLIST_KEY_UISupportedInterfaceOrientations_iPhone = "UIInterfaceOrientationPortrait UIInterfaceOrientationLandscapeLeft UIInterfaceOrientationLandscapeRight";
				LD_RUNPATH_SEARCH_PATHS = (
					"$(inherited)",
					"@executable_path/Frameworks",
				);
				MARKETING_VERSION = 1.0;
				PRODUCT_BUNDLE_IDENTIFIER = studio.linea.Moonshot;
				PRODUCT_NAME = "$(TARGET_NAME)";
				SWIFT_EMIT_LOC_STRINGS = YES;
				SWIFT_VERSION = 5.0;
				TARGETED_DEVICE_FAMILY = "1,2";
			};
			name = Debug;
		};
		8D5D8F2428969FDC00F88AAA /* Release */ = {
			isa = XCBuildConfiguration;
			buildSettings = {
				ASSETCATALOG_COMPILER_APPICON_NAME = AppIcon;
				ASSETCATALOG_COMPILER_GLOBAL_ACCENT_COLOR_NAME = AccentColor;
				CODE_SIGN_STYLE = Automatic;
				CURRENT_PROJECT_VERSION = 1;
				DEVELOPMENT_ASSET_PATHS = "\"Moonshot/Preview Content\"";
				ENABLE_PREVIEWS = YES;
				GENERATE_INFOPLIST_FILE = YES;
				INFOPLIST_KEY_UIApplicationSceneManifest_Generation = YES;
				INFOPLIST_KEY_UIApplicationSupportsIndirectInputEvents = YES;
				INFOPLIST_KEY_UILaunchScreen_Generation = YES;
				INFOPLIST_KEY_UISupportedInterfaceOrientations_iPad = "UIInterfaceOrientationPortrait UIInterfaceOrientationPortraitUpsideDown UIInterfaceOrientationLandscapeLeft UIInterfaceOrientationLandscapeRight";
				INFOPLIST_KEY_UISupportedInterfaceOrientations_iPhone = "UIInterfaceOrientationPortrait UIInterfaceOrientationLandscapeLeft UIInterfaceOrientationLandscapeRight";
				LD_RUNPATH_SEARCH_PATHS = (
					"$(inherited)",
					"@executable_path/Frameworks",
				);
				MARKETING_VERSION = 1.0;
				PRODUCT_BUNDLE_IDENTIFIER = studio.linea.Moonshot;
				PRODUCT_NAME = "$(TARGET_NAME)";
				SWIFT_EMIT_LOC_STRINGS = YES;
				SWIFT_VERSION = 5.0;
				TARGETED_DEVICE_FAMILY = "1,2";
			};
			name = Release;
		};
/* End XCBuildConfiguration section */

/* Begin XCConfigurationList section */
		8D5D8F0F28969FD800F88AAA /* Build configuration list for PBXProject "Moonshot" */ = {
			isa = XCConfigurationList;
			buildConfigurations = (
				8D5D8F2028969FDC00F88AAA /* Debug */,
				8D5D8F2128969FDC00F88AAA /* Release */,
			);
			defaultConfigurationIsVisible = 0;
			defaultConfigurationName = Release;
		};
		8D5D8F2228969FDC00F88AAA /* Build configuration list for PBXNativeTarget "Moonshot" */ = {
			isa = XCConfigurationList;
			buildConfigurations = (
				8D5D8F2328969FDC00F88AAA /* Debug */,
				8D5D8F2428969FDC00F88AAA /* Release */,
			);
			defaultConfigurationIsVisible = 0;
			defaultConfigurationName = Release;
		};
/* End XCConfigurationList section */
	};
	rootObject = 8D5D8F0C28969FD800F88AAA /* Project object */;
}
